
Microsoft Visual Studio Solution File, Format Version 12.00
# Visual Studio 15
VisualStudioVersion = 15.0.26124.0
MinimumVisualStudioVersion = 15.0.26124.0
Project("{FAE04EC0-301F-11D3-BF4B-00C04F79EFBC}") = "ProAgil.WebAPI", "ProAgil.WebAPI\ProAgil.WebAPI.csproj", "{040A372D-9B11-4AE4-BFE8-7A0810317CD7}"
EndProject
Project("{FAE04EC0-301F-11D3-BF4B-00C04F79EFBC}") = "ProAgil.Repository", "ProAgil.Repository\ProAgil.Repository.csproj", "{E02B08DF-9E6D-408E-BC19-F7B1775D4EAB}"
EndProject
Project("{FAE04EC0-301F-11D3-BF4B-00C04F79EFBC}") = "ProAgil.Domain", "ProAgil.Domain\ProAgil.Domain.csproj", "{626ADFC1-9A4B-4C1D-86C3-EF53F86993CE}"
EndProject
Global
	GlobalSection(SolutionConfigurationPlatforms) = preSolution
		Debug|Any CPU = Debug|Any CPU
		Debug|x64 = Debug|x64
		Debug|x86 = Debug|x86
		Release|Any CPU = Release|Any CPU
		Release|x64 = Release|x64
		Release|x86 = Release|x86
	EndGlobalSection
	GlobalSection(SolutionProperties) = preSolution
		HideSolutionNode = FALSE
	EndGlobalSection
	GlobalSection(ProjectConfigurationPlatforms) = postSolution
		{040A372D-9B11-4AE4-BFE8-7A0810317CD7}.Debug|Any CPU.ActiveCfg = Debug|Any CPU
		{040A372D-9B11-4AE4-BFE8-7A0810317CD7}.Debug|Any CPU.Build.0 = Debug|Any CPU
		{040A372D-9B11-4AE4-BFE8-7A0810317CD7}.Debug|x64.ActiveCfg = Debug|Any CPU
		{040A372D-9B11-4AE4-BFE8-7A0810317CD7}.Debug|x64.Build.0 = Debug|Any CPU
		{040A372D-9B11-4AE4-BFE8-7A0810317CD7}.Debug|x86.ActiveCfg = Debug|Any CPU
		{040A372D-9B11-4AE4-BFE8-7A0810317CD7}.Debug|x86.Build.0 = Debug|Any CPU
		{040A372D-9B11-4AE4-BFE8-7A0810317CD7}.Release|Any CPU.ActiveCfg = Release|Any CPU
		{040A372D-9B11-4AE4-BFE8-7A0810317CD7}.Release|Any CPU.Build.0 = Release|Any CPU
		{040A372D-9B11-4AE4-BFE8-7A0810317CD7}.Release|x64.ActiveCfg = Release|Any CPU
		{040A372D-9B11-4AE4-BFE8-7A0810317CD7}.Release|x64.Build.0 = Release|Any CPU
		{040A372D-9B11-4AE4-BFE8-7A0810317CD7}.Release|x86.ActiveCfg = Release|Any CPU
		{040A372D-9B11-4AE4-BFE8-7A0810317CD7}.Release|x86.Build.0 = Release|Any CPU
		{E02B08DF-9E6D-408E-BC19-F7B1775D4EAB}.Debug|Any CPU.ActiveCfg = Debug|Any CPU
		{E02B08DF-9E6D-408E-BC19-F7B1775D4EAB}.Debug|Any CPU.Build.0 = Debug|Any CPU
		{E02B08DF-9E6D-408E-BC19-F7B1775D4EAB}.Debug|x64.ActiveCfg = Debug|Any CPU
		{E02B08DF-9E6D-408E-BC19-F7B1775D4EAB}.Debug|x64.Build.0 = Debug|Any CPU
		{E02B08DF-9E6D-408E-BC19-F7B1775D4EAB}.Debug|x86.ActiveCfg = Debug|Any CPU
		{E02B08DF-9E6D-408E-BC19-F7B1775D4EAB}.Debug|x86.Build.0 = Debug|Any CPU
		{E02B08DF-9E6D-408E-BC19-F7B1775D4EAB}.Release|Any CPU.ActiveCfg = Release|Any CPU
		{E02B08DF-9E6D-408E-BC19-F7B1775D4EAB}.Release|Any CPU.Build.0 = Release|Any CPU
		{E02B08DF-9E6D-408E-BC19-F7B1775D4EAB}.Release|x64.ActiveCfg = Release|Any CPU
		{E02B08DF-9E6D-408E-BC19-F7B1775D4EAB}.Release|x64.Build.0 = Release|Any CPU
		{E02B08DF-9E6D-408E-BC19-F7B1775D4EAB}.Release|x86.ActiveCfg = Release|Any CPU
		{E02B08DF-9E6D-408E-BC19-F7B1775D4EAB}.Release|x86.Build.0 = Release|Any CPU
		{626ADFC1-9A4B-4C1D-86C3-EF53F86993CE}.Debug|Any CPU.ActiveCfg = Debug|Any CPU
		{626ADFC1-9A4B-4C1D-86C3-EF53F86993CE}.Debug|Any CPU.Build.0 = Debug|Any CPU
		{626ADFC1-9A4B-4C1D-86C3-EF53F86993CE}.Debug|x64.ActiveCfg = Debug|Any CPU
		{626ADFC1-9A4B-4C1D-86C3-EF53F86993CE}.Debug|x64.Build.0 = Debug|Any CPU
		{626ADFC1-9A4B-4C1D-86C3-EF53F86993CE}.Debug|x86.ActiveCfg = Debug|Any CPU
		{626ADFC1-9A4B-4C1D-86C3-EF53F86993CE}.Debug|x86.Build.0 = Debug|Any CPU
		{626ADFC1-9A4B-4C1D-86C3-EF53F86993CE}.Release|Any CPU.ActiveCfg = Release|Any CPU
		{626ADFC1-9A4B-4C1D-86C3-EF53F86993CE}.Release|Any CPU.Build.0 = Release|Any CPU
		{626ADFC1-9A4B-4C1D-86C3-EF53F86993CE}.Release|x64.ActiveCfg = Release|Any CPU
		{626ADFC1-9A4B-4C1D-86C3-EF53F86993CE}.Release|x64.Build.0 = Release|Any CPU
		{626ADFC1-9A4B-4C1D-86C3-EF53F86993CE}.Release|x86.ActiveCfg = Release|Any CPU
		{626ADFC1-9A4B-4C1D-86C3-EF53F86993CE}.Release|x86.Build.0 = Release|Any CPU
	EndGlobalSection
EndGlobal
